
Microsoft Visual Studio Solution File, Format Version 12.00
# Visual Studio 15
VisualStudioVersion = 15.0.28307.136
MinimumVisualStudioVersion = 10.0.40219.1
Project("{FAE04EC0-301F-11D3-BF4B-00C04F79EFBC}") = "PetRescue.api", "PetRescue.api\PetRescue.api.csproj", "{2C9C73FA-A47E-43E2-87BF-A69F3A6B9ED1}"
EndProject
Project("{FAE04EC0-301F-11D3-BF4B-00C04F79EFBC}") = "PetRescue.test", "PetRescue.test\PetRescue.test.csproj", "{072EC725-2F8D-487D-BE4B-09FFDB15AFC6}"
EndProject
Global
	GlobalSection(SolutionConfigurationPlatforms) = preSolution
		Debug|Any CPU = Debug|Any CPU
		Release|Any CPU = Release|Any CPU
	EndGlobalSection
	GlobalSection(ProjectConfigurationPlatforms) = postSolution
		{2C9C73FA-A47E-43E2-87BF-A69F3A6B9ED1}.Debug|Any CPU.ActiveCfg = Debug|Any CPU
		{2C9C73FA-A47E-43E2-87BF-A69F3A6B9ED1}.Debug|Any CPU.Build.0 = Debug|Any CPU
		{2C9C73FA-A47E-43E2-87BF-A69F3A6B9ED1}.Release|Any CPU.ActiveCfg = Release|Any CPU
		{2C9C73FA-A47E-43E2-87BF-A69F3A6B9ED1}.Release|Any CPU.Build.0 = Release|Any CPU
		{072EC725-2F8D-487D-BE4B-09FFDB15AFC6}.Debug|Any CPU.ActiveCfg = Debug|Any CPU
		{072EC725-2F8D-487D-BE4B-09FFDB15AFC6}.Debug|Any CPU.Build.0 = Debug|Any CPU
		{072EC725-2F8D-487D-BE4B-09FFDB15AFC6}.Release|Any CPU.ActiveCfg = Release|Any CPU
		{072EC725-2F8D-487D-BE4B-09FFDB15AFC6}.Release|Any CPU.Build.0 = Release|Any CPU
	EndGlobalSection
	GlobalSection(SolutionProperties) = preSolution
		HideSolutionNode = FALSE
	EndGlobalSection
	GlobalSection(ExtensibilityGlobals) = postSolution
		SolutionGuid = {2C0E4D26-5E5A-45D4-BFBC-E091A2AB4581}
	EndGlobalSection
EndGlobal
